
Microsoft Visual Studio Solution File, Format Version 12.00
# Visual Studio Version 17
VisualStudioVersion = 17.11.35222.181
MinimumVisualStudioVersion = 10.0.40219.1
Project("{8BC9CEB8-8B4A-11D0-8D11-00A0C91BC942}") = "Ranged-Loop", "Ranged-Loop\Ranged-Loop.vcxproj", "{73C4CA39-EB96-4908-9A30-366DE29E12E6}"
EndProject
Global
	GlobalSection(SolutionConfigurationPlatforms) = preSolution
		Debug|x64 = Debug|x64
		Debug|x86 = Debug|x86
		Release|x64 = Release|x64
		Release|x86 = Release|x86
	EndGlobalSection
	GlobalSection(ProjectConfigurationPlatforms) = postSolution
		{73C4CA39-EB96-4908-9A30-366DE29E12E6}.Debug|x64.ActiveCfg = Debug|x64
		{73C4CA39-EB96-4908-9A30-366DE29E12E6}.Debug|x64.Build.0 = Debug|x64
		{73C4CA39-EB96-4908-9A30-366DE29E12E6}.Debug|x86.ActiveCfg = Debug|Win32
		{73C4CA39-EB96-4908-9A30-366DE29E12E6}.Debug|x86.Build.0 = Debug|Win32
		{73C4CA39-EB96-4908-9A30-366DE29E12E6}.Release|x64.ActiveCfg = Release|x64
		{73C4CA39-EB96-4908-9A30-366DE29E12E6}.Release|x64.Build.0 = Release|x64
		{73C4CA39-EB96-4908-9A30-366DE29E12E6}.Release|x86.ActiveCfg = Release|Win32
		{73C4CA39-EB96-4908-9A30-366DE29E12E6}.Release|x86.Build.0 = Release|Win32
	EndGlobalSection
	GlobalSection(SolutionProperties) = preSolution
		HideSolutionNode = FALSE
	EndGlobalSection
	GlobalSection(ExtensibilityGlobals) = postSolution
		SolutionGuid = {D1B585BC-75A1-4AC4-88F1-ABD04D34E8D1}
	EndGlobalSection
EndGlobal
